
Microsoft Visual Studio Solution File, Format Version 12.00
# Visual Studio Version 17
VisualStudioVersion = 17.3.32804.467
MinimumVisualStudioVersion = 10.0.40219.1
Project("{FAE04EC0-301F-11D3-BF4B-00C04F79EFBC}") = "POS_System", "POS_System\POS_System.csproj", "{262520E8-FB77-4811-BF6C-A13C6B32C4F8}"
EndProject
Global
	GlobalSection(SolutionConfigurationPlatforms) = preSolution
		Debug|Any CPU = Debug|Any CPU
		Release|Any CPU = Release|Any CPU
	EndGlobalSection
	GlobalSection(ProjectConfigurationPlatforms) = postSolution
		{262520E8-FB77-4811-BF6C-A13C6B32C4F8}.Debug|Any CPU.ActiveCfg = Debug|Any CPU
		{262520E8-FB77-4811-BF6C-A13C6B32C4F8}.Debug|Any CPU.Build.0 = Debug|Any CPU
		{262520E8-FB77-4811-BF6C-A13C6B32C4F8}.Release|Any CPU.ActiveCfg = Release|Any CPU
		{262520E8-FB77-4811-BF6C-A13C6B32C4F8}.Release|Any CPU.Build.0 = Release|Any CPU
	EndGlobalSection
	GlobalSection(SolutionProperties) = preSolution
		HideSolutionNode = FALSE
	EndGlobalSection
	GlobalSection(ExtensibilityGlobals) = postSolution
		SolutionGuid = {E8A83AF6-6F0A-4739-9F1D-A4CD32CA0779}
	EndGlobalSection
EndGlobal
